// !$*UTF8*$!
{
	archiveVersion = 1;
	classes = {
	};
	objectVersion = 55;
	objects = {

/* Begin PBXBuildFile section */
		4F270431280E127300A25244 /* SpotifySwiftUIApp.swift in Sources */ = {isa = PBXBuildFile; fileRef = 4F270430280E127300A25244 /* SpotifySwiftUIApp.swift */; };
		4F270433280E127300A25244 /* ContentView.swift in Sources */ = {isa = PBXBuildFile; fileRef = 4F270432280E127300A25244 /* ContentView.swift */; };
		4F270435280E127600A25244 /* Assets.xcassets in Resources */ = {isa = PBXBuildFile; fileRef = 4F270434280E127600A25244 /* Assets.xcassets */; };
		4F270438280E127600A25244 /* Preview Assets.xcassets in Resources */ = {isa = PBXBuildFile; fileRef = 4F270437280E127600A25244 /* Preview Assets.xcassets */; };
		4F270442280E127600A25244 /* SpotifySwiftUITests.swift in Sources */ = {isa = PBXBuildFile; fileRef = 4F270441280E127600A25244 /* SpotifySwiftUITests.swift */; };
		4F27044C280E127600A25244 /* SpotifySwiftUIUITests.swift in Sources */ = {isa = PBXBuildFile; fileRef = 4F27044B280E127600A25244 /* SpotifySwiftUIUITests.swift */; };
		4F27044E280E127600A25244 /* SpotifySwiftUIUITestsLaunchTests.swift in Sources */ = {isa = PBXBuildFile; fileRef = 4F27044D280E127600A25244 /* SpotifySwiftUIUITestsLaunchTests.swift */; };
/* End PBXBuildFile section */

/* Begin PBXContainerItemProxy section */
		4F27043E280E127600A25244 /* PBXContainerItemProxy */ = {
			isa = PBXContainerItemProxy;
			containerPortal = 4F270425280E127300A25244 /* Project object */;
			proxyType = 1;
			remoteGlobalIDString = 4F27042C280E127300A25244;
			remoteInfo = SpotifySwiftUI;
		};
		4F270448280E127600A25244 /* PBXContainerItemProxy */ = {
			isa = PBXContainerItemProxy;
			containerPortal = 4F270425280E127300A25244 /* Project object */;
			proxyType = 1;
			remoteGlobalIDString = 4F27042C280E127300A25244;
			remoteInfo = SpotifySwiftUI;
		};
/* End PBXContainerItemProxy section */

/* Begin PBXFileReference section */
		4F27042D280E127300A25244 /* SpotifySwiftUI.app */ = {isa = PBXFileReference; explicitFileType = wrapper.application; includeInIndex = 0; path = SpotifySwiftUI.app; sourceTree = BUILT_PRODUCTS_DIR; };
		4F270430280E127300A25244 /* SpotifySwiftUIApp.swift */ = {isa = PBXFileReference; lastKnownFileType = sourcecode.swift; path = SpotifySwiftUIApp.swift; sourceTree = "<group>"; };
		4F270432280E127300A25244 /* ContentView.swift */ = {isa = PBXFileReference; lastKnownFileType = sourcecode.swift; path = ContentView.swift; sourceTree = "<group>"; };
		4F270434280E127600A25244 /* Assets.xcassets */ = {isa = PBXFileReference; lastKnownFileType = folder.assetcatalog; path = Assets.xcassets; sourceTree = "<group>"; };
		4F270437280E127600A25244 /* Preview Assets.xcassets */ = {isa = PBXFileReference; lastKnownFileType = folder.assetcatalog; path = "Preview Assets.xcassets"; sourceTree = "<group>"; };
		4F27043D280E127600A25244 /* SpotifySwiftUITests.xctest */ = {isa = PBXFileReference; explicitFileType = wrapper.cfbundle; includeInIndex = 0; path = SpotifySwiftUITests.xctest; sourceTree = BUILT_PRODUCTS_DIR; };
		4F270441280E127600A25244 /* SpotifySwiftUITests.swift */ = {isa = PBXFileReference; lastKnownFileType = sourcecode.swift; path = SpotifySwiftUITests.swift; sourceTree = "<group>"; };
		4F270447280E127600A25244 /* SpotifySwiftUIUITests.xctest */ = {isa = PBXFileReference; explicitFileType = wrapper.cfbundle; includeInIndex = 0; path = SpotifySwiftUIUITests.xctest; sourceTree = BUILT_PRODUCTS_DIR; };
		4F27044B280E127600A25244 /* SpotifySwiftUIUITests.swift */ = {isa = PBXFileReference; lastKnownFileType = sourcecode.swift; path = SpotifySwiftUIUITests.swift; sourceTree = "<group>"; };
		4F27044D280E127600A25244 /* SpotifySwiftUIUITestsLaunchTests.swift */ = {isa = PBXFileReference; lastKnownFileType = sourcecode.swift; path = SpotifySwiftUIUITestsLaunchTests.swift; sourceTree = "<group>"; };
/* End PBXFileReference section */

/* Begin PBXFrameworksBuildPhase section */
		4F27042A280E127300A25244 /* Frameworks */ = {
			isa = PBXFrameworksBuildPhase;
			buildActionMask = 2147483647;
			files = (
			);
			runOnlyForDeploymentPostprocessing = 0;
		};
		4F27043A280E127600A25244 /* Frameworks */ = {
			isa = PBXFrameworksBuildPhase;
			buildActionMask = 2147483647;
			files = (
			);
			runOnlyForDeploymentPostprocessing = 0;
		};
		4F270444280E127600A25244 /* Frameworks */ = {
			isa = PBXFrameworksBuildPhase;
			buildActionMask = 2147483647;
			files = (
			);
			runOnlyForDeploymentPostprocessing = 0;
		};
/* End PBXFrameworksBuildPhase section */

/* Begin PBXGroup section */
		4F270424280E127300A25244 = {
			isa = PBXGroup;
			children = (
				4F27042F280E127300A25244 /* SpotifySwiftUI */,
				4F270440280E127600A25244 /* SpotifySwiftUITests */,
				4F27044A280E127600A25244 /* SpotifySwiftUIUITests */,
				4F27042E280E127300A25244 /* Products */,
			);
			sourceTree = "<group>";
		};
		4F27042E280E127300A25244 /* Products */ = {
			isa = PBXGroup;
			children = (
				4F27042D280E127300A25244 /* SpotifySwiftUI.app */,
				4F27043D280E127600A25244 /* SpotifySwiftUITests.xctest */,
				4F270447280E127600A25244 /* SpotifySwiftUIUITests.xctest */,
			);
			name = Products;
			sourceTree = "<group>";
		};
		4F27042F280E127300A25244 /* SpotifySwiftUI */ = {
			isa = PBXGroup;
			children = (
				4F270430280E127300A25244 /* SpotifySwiftUIApp.swift */,
				4F270432280E127300A25244 /* ContentView.swift */,
				4F270434280E127600A25244 /* Assets.xcassets */,
				4F270436280E127600A25244 /* Preview Content */,
			);
			path = SpotifySwiftUI;
			sourceTree = "<group>";
		};
		4F270436280E127600A25244 /* Preview Content */ = {
			isa = PBXGroup;
			children = (
				4F270437280E127600A25244 /* Preview Assets.xcassets */,
			);
			path = "Preview Content";
			sourceTree = "<group>";
		};
		4F270440280E127600A25244 /* SpotifySwiftUITests */ = {
			isa = PBXGroup;
			children = (
				4F270441280E127600A25244 /* SpotifySwiftUITests.swift */,
			);
			path = SpotifySwiftUITests;
			sourceTree = "<group>";
		};
		4F27044A280E127600A25244 /* SpotifySwiftUIUITests */ = {
			isa = PBXGroup;
			children = (
				4F27044B280E127600A25244 /* SpotifySwiftUIUITests.swift */,
				4F27044D280E127600A25244 /* SpotifySwiftUIUITestsLaunchTests.swift */,
			);
			path = SpotifySwiftUIUITests;
			sourceTree = "<group>";
		};
/* End PBXGroup section */

/* Begin PBXNativeTarget section */
		4F27042C280E127300A25244 /* SpotifySwiftUI */ = {
			isa = PBXNativeTarget;
			buildConfigurationList = 4F270451280E127600A25244 /* Build configuration list for PBXNativeTarget "SpotifySwiftUI" */;
			buildPhases = (
				4F270429280E127300A25244 /* Sources */,
				4F27042A280E127300A25244 /* Frameworks */,
				4F27042B280E127300A25244 /* Resources */,
			);
			buildRules = (
			);
			dependencies = (
			);
			name = SpotifySwiftUI;
			productName = SpotifySwiftUI;
			productReference = 4F27042D280E127300A25244 /* SpotifySwiftUI.app */;
			productType = "com.apple.product-type.application";
		};
		4F27043C280E127600A25244 /* SpotifySwiftUITests */ = {
			isa = PBXNativeTarget;
			buildConfigurationList = 4F270454280E127600A25244 /* Build configuration list for PBXNativeTarget "SpotifySwiftUITests" */;
			buildPhases = (
				4F270439280E127600A25244 /* Sources */,
				4F27043A280E127600A25244 /* Frameworks */,
				4F27043B280E127600A25244 /* Resources */,
			);
			buildRules = (
			);
			dependencies = (
				4F27043F280E127600A25244 /* PBXTargetDependency */,
			);
			name = SpotifySwiftUITests;
			productName = SpotifySwiftUITests;
			productReference = 4F27043D280E127600A25244 /* SpotifySwiftUITests.xctest */;
			productType = "com.apple.product-type.bundle.unit-test";
		};
		4F270446280E127600A25244 /* SpotifySwiftUIUITests */ = {
			isa = PBXNativeTarget;
			buildConfigurationList = 4F270457280E127600A25244 /* Build configuration list for PBXNativeTarget "SpotifySwiftUIUITests" */;
			buildPhases = (
				4F270443280E127600A25244 /* Sources */,
				4F270444280E127600A25244 /* Frameworks */,
				4F270445280E127600A25244 /* Resources */,
			);
			buildRules = (
			);
			dependencies = (
				4F270449280E127600A25244 /* PBXTargetDependency */,
			);
			name = SpotifySwiftUIUITests;
			productName = SpotifySwiftUIUITests;
			productReference = 4F270447280E127600A25244 /* SpotifySwiftUIUITests.xctest */;
			productType = "com.apple.product-type.bundle.ui-testing";
		};
/* End PBXNativeTarget section */

/* Begin PBXProject section */
		4F270425280E127300A25244 /* Project object */ = {
			isa = PBXProject;
			attributes = {
				BuildIndependentTargetsInParallel = 1;
				LastSwiftUpdateCheck = 1330;
				LastUpgradeCheck = 1330;
				TargetAttributes = {
					4F27042C280E127300A25244 = {
						CreatedOnToolsVersion = 13.3;
					};
					4F27043C280E127600A25244 = {
						CreatedOnToolsVersion = 13.3;
						TestTargetID = 4F27042C280E127300A25244;
					};
					4F270446280E127600A25244 = {
						CreatedOnToolsVersion = 13.3;
						TestTargetID = 4F27042C280E127300A25244;
					};
				};
			};
			buildConfigurationList = 4F270428280E127300A25244 /* Build configuration list for PBXProject "SpotifySwiftUI" */;
			compatibilityVersion = "Xcode 13.0";
			developmentRegion = en;
			hasScannedForEncodings = 0;
			knownRegions = (
				en,
				Base,
			);
			mainGroup = 4F270424280E127300A25244;
			productRefGroup = 4F27042E280E127300A25244 /* Products */;
			projectDirPath = "";
			projectRoot = "";
			targets = (
				4F27042C280E127300A25244 /* SpotifySwiftUI */,
				4F27043C280E127600A25244 /* SpotifySwiftUITests */,
				4F270446280E127600A25244 /* SpotifySwiftUIUITests */,
			);
		};
/* End PBXProject section */

/* Begin PBXResourcesBuildPhase section */
		4F27042B280E127300A25244 /* Resources */ = {
			isa = PBXResourcesBuildPhase;
			buildActionMask = 2147483647;
			files = (
				4F270438280E127600A25244 /* Preview Assets.xcassets in Resources */,
				4F270435280E127600A25244 /* Assets.xcassets in Resources */,
			);
			runOnlyForDeploymentPostprocessing = 0;
		};
		4F27043B280E127600A25244 /* Resources */ = {
			isa = PBXResourcesBuildPhase;
			buildActionMask = 2147483647;
			files = (
			);
			runOnlyForDeploymentPostprocessing = 0;
		};
		4F270445280E127600A25244 /* Resources */ = {
			isa = PBXResourcesBuildPhase;
			buildActionMask = 2147483647;
			files = (
			);
			runOnlyForDeploymentPostprocessing = 0;
		};
/* End PBXResourcesBuildPhase section */

/* Begin PBXSourcesBuildPhase section */
		4F270429280E127300A25244 /* Sources */ = {
			isa = PBXSourcesBuildPhase;
			buildActionMask = 2147483647;
			files = (
				4F270433280E127300A25244 /* ContentView.swift in Sources */,
				4F270431280E127300A25244 /* SpotifySwiftUIApp.swift in Sources */,
			);
			runOnlyForDeploymentPostprocessing = 0;
		};
		4F270439280E127600A25244 /* Sources */ = {
			isa = PBXSourcesBuildPhase;
			buildActionMask = 2147483647;
			files = (
				4F270442280E127600A25244 /* SpotifySwiftUITests.swift in Sources */,
			);
			runOnlyForDeploymentPostprocessing = 0;
		};
		4F270443280E127600A25244 /* Sources */ = {
			isa = PBXSourcesBuildPhase;
			buildActionMask = 2147483647;
			files = (
				4F27044C280E127600A25244 /* SpotifySwiftUIUITests.swift in Sources */,
				4F27044E280E127600A25244 /* SpotifySwiftUIUITestsLaunchTests.swift in Sources */,
			);
			runOnlyForDeploymentPostprocessing = 0;
		};
/* End PBXSourcesBuildPhase section */

/* Begin PBXTargetDependency section */
		4F27043F280E127600A25244 /* PBXTargetDependency */ = {
			isa = PBXTargetDependency;
			target = 4F27042C280E127300A25244 /* SpotifySwiftUI */;
			targetProxy = 4F27043E280E127600A25244 /* PBXContainerItemProxy */;
		};
		4F270449280E127600A25244 /* PBXTargetDependency */ = {
			isa = PBXTargetDependency;
			target = 4F27042C280E127300A25244 /* SpotifySwiftUI */;
			targetProxy = 4F270448280E127600A25244 /* PBXContainerItemProxy */;
		};
/* End PBXTargetDependency section */

/* Begin XCBuildConfiguration section */
		4F27044F280E127600A25244 /* Debug */ = {
			isa = XCBuildConfiguration;
			buildSettings = {
				ALWAYS_SEARCH_USER_PATHS = NO;
				CLANG_ANALYZER_NONNULL = YES;
				CLANG_ANALYZER_NUMBER_OBJECT_CONVERSION = YES_AGGRESSIVE;
				CLANG_CXX_LANGUAGE_STANDARD = "gnu++17";
				CLANG_ENABLE_MODULES = YES;
				CLANG_ENABLE_OBJC_ARC = YES;
				CLANG_ENABLE_OBJC_WEAK = YES;
				CLANG_WARN_BLOCK_CAPTURE_AUTORELEASING = YES;
				CLANG_WARN_BOOL_CONVERSION = YES;
				CLANG_WARN_COMMA = YES;
				CLANG_WARN_CONSTANT_CONVERSION = YES;
				CLANG_WARN_DEPRECATED_OBJC_IMPLEMENTATIONS = YES;
				CLANG_WARN_DIRECT_OBJC_ISA_USAGE = YES_ERROR;
				CLANG_WARN_DOCUMENTATION_COMMENTS = YES;
				CLANG_WARN_EMPTY_BODY = YES;
				CLANG_WARN_ENUM_CONVERSION = YES;
				CLANG_WARN_INFINITE_RECURSION = YES;
				CLANG_WARN_INT_CONVERSION = YES;
				CLANG_WARN_NON_LITERAL_NULL_CONVERSION = YES;
				CLANG_WARN_OBJC_IMPLICIT_RETAIN_SELF = YES;
				CLANG_WARN_OBJC_LITERAL_CONVERSION = YES;
				CLANG_WARN_OBJC_ROOT_CLASS = YES_ERROR;
				CLANG_WARN_QUOTED_INCLUDE_IN_FRAMEWORK_HEADER = YES;
				CLANG_WARN_RANGE_LOOP_ANALYSIS = YES;
				CLANG_WARN_STRICT_PROTOTYPES = YES;
				CLANG_WARN_SUSPICIOUS_MOVE = YES;
				CLANG_WARN_UNGUARDED_AVAILABILITY = YES_AGGRESSIVE;
				CLANG_WARN_UNREACHABLE_CODE = YES;
				CLANG_WARN__DUPLICATE_METHOD_MATCH = YES;
				COPY_PHASE_STRIP = NO;
				DEBUG_INFORMATION_FORMAT = dwarf;
				ENABLE_STRICT_OBJC_MSGSEND = YES;
				ENABLE_TESTABILITY = YES;
				GCC_C_LANGUAGE_STANDARD = gnu11;
				GCC_DYNAMIC_NO_PIC = NO;
				GCC_NO_COMMON_BLOCKS = YES;
				GCC_OPTIMIZATION_LEVEL = 0;
				GCC_PREPROCESSOR_DEFINITIONS = (
					"DEBUG=1",
					"$(inherited)",
				);
				GCC_WARN_64_TO_32_BIT_CONVERSION = YES;
				GCC_WARN_ABOUT_RETURN_TYPE = YES_ERROR;
				GCC_WARN_UNDECLARED_SELECTOR = YES;
				GCC_WARN_UNINITIALIZED_AUTOS = YES_AGGRESSIVE;
				GCC_WARN_UNUSED_FUNCTION = YES;
				GCC_WARN_UNUSED_VARIABLE = YES;
				IPHONEOS_DEPLOYMENT_TARGET = 15.4;
				MTL_ENABLE_DEBUG_INFO = INCLUDE_SOURCE;
				MTL_FAST_MATH = YES;
				ONLY_ACTIVE_ARCH = YES;
				SDKROOT = iphoneos;
				SWIFT_ACTIVE_COMPILATION_CONDITIONS = DEBUG;
				SWIFT_OPTIMIZATION_LEVEL = "-Onone";
			};
			name = Debug;
		};
		4F270450280E127600A25244 /* Release */ = {
			isa = XCBuildConfiguration;
			buildSettings = {
				ALWAYS_SEARCH_USER_PATHS = NO;
				CLANG_ANALYZER_NONNULL = YES;
				CLANG_ANALYZER_NUMBER_OBJECT_CONVERSION = YES_AGGRESSIVE;
				CLANG_CXX_LANGUAGE_STANDARD = "gnu++17";
				CLANG_ENABLE_MODULES = YES;
				CLANG_ENABLE_OBJC_ARC = YES;
				CLANG_ENABLE_OBJC_WEAK = YES;
				CLANG_WARN_BLOCK_CAPTURE_AUTORELEASING = YES;
				CLANG_WARN_BOOL_CONVERSION = YES;
				CLANG_WARN_COMMA = YES;
				CLANG_WARN_CONSTANT_CONVERSION = YES;
				CLANG_WARN_DEPRECATED_OBJC_IMPLEMENTATIONS = YES;
				CLANG_WARN_DIRECT_OBJC_ISA_USAGE = YES_ERROR;
				CLANG_WARN_DOCUMENTATION_COMMENTS = YES;
				CLANG_WARN_EMPTY_BODY = YES;
				CLANG_WARN_ENUM_CONVERSION = YES;
				CLANG_WARN_INFINITE_RECURSION = YES;
				CLANG_WARN_INT_CONVERSION = YES;
				CLANG_WARN_NON_LITERAL_NULL_CONVERSION = YES;
				CLANG_WARN_OBJC_IMPLICIT_RETAIN_SELF = YES;
				CLANG_WARN_OBJC_LITERAL_CONVERSION = YES;
				CLANG_WARN_OBJC_ROOT_CLASS = YES_ERROR;
				CLANG_WARN_QUOTED_INCLUDE_IN_FRAMEWORK_HEADER = YES;
				CLANG_WARN_RANGE_LOOP_ANALYSIS = YES;
				CLANG_WARN_STRICT_PROTOTYPES = YES;
				CLANG_WARN_SUSPICIOUS_MOVE = YES;
				CLANG_WARN_UNGUARDED_AVAILABILITY = YES_AGGRESSIVE;
				CLANG_WARN_UNREACHABLE_CODE = YES;
				CLANG_WARN__DUPLICATE_METHOD_MATCH = YES;
				COPY_PHASE_STRIP = NO;
				DEBUG_INFORMATION_FORMAT = "dwarf-with-dsym";
				ENABLE_NS_ASSERTIONS = NO;
				ENABLE_STRICT_OBJC_MSGSEND = YES;
				GCC_C_LANGUAGE_STANDARD = gnu11;
				GCC_NO_COMMON_BLOCKS = YES;
				GCC_WARN_64_TO_32_BIT_CONVERSION = YES;
				GCC_WARN_ABOUT_RETURN_TYPE = YES_ERROR;
				GCC_WARN_UNDECLARED_SELECTOR = YES;
				GCC_WARN_UNINITIALIZED_AUTOS = YES_AGGRESSIVE;
				GCC_WARN_UNUSED_FUNCTION = YES;
				GCC_WARN_UNUSED_VARIABLE = YES;
				IPHONEOS_DEPLOYMENT_TARGET = 15.4;
				MTL_ENABLE_DEBUG_INFO = NO;
				MTL_FAST_MATH = YES;
				SDKROOT = iphoneos;
				SWIFT_COMPILATION_MODE = wholemodule;
				SWIFT_OPTIMIZATION_LEVEL = "-O";
				VALIDATE_PRODUCT = YES;
			};
			name = Release;
		};
		4F270452280E127600A25244 /* Debug */ = {
			isa = XCBuildConfiguration;
			buildSettings = {
				ASSETCATALOG_COMPILER_APPICON_NAME = AppIcon;
				ASSETCATALOG_COMPILER_GLOBAL_ACCENT_COLOR_NAME = AccentColor;
				CODE_SIGN_STYLE = Automatic;
				CURRENT_PROJECT_VERSION = 1;
				DEVELOPMENT_ASSET_PATHS = "\"SpotifySwiftUI/Preview Content\"";
				DEVELOPMENT_TEAM = 2T73A6F77V;
				ENABLE_PREVIEWS = YES;
				GENERATE_INFOPLIST_FILE = YES;
				INFOPLIST_KEY_UIApplicationSceneManifest_Generation = YES;
				INFOPLIST_KEY_UIApplicationSupportsIndirectInputEvents = YES;
				INFOPLIST_KEY_UILaunchScreen_Generation = YES;
				INFOPLIST_KEY_UISupportedInterfaceOrientations_iPad = "UIInterfaceOrientationPortrait UIInterfaceOrientationPortraitUpsideDown UIInterfaceOrientationLandscapeLeft UIInterfaceOrientationLandscapeRight";
				INFOPLIST_KEY_UISupportedInterfaceOrientations_iPhone = "UIInterfaceOrientationPortrait UIInterfaceOrientationLandscapeLeft UIInterfaceOrientationLandscapeRight";
				LD_RUNPATH_SEARCH_PATHS = (
					"$(inherited)",
					"@executable_path/Frameworks",
				);
				MARKETING_VERSION = 1.0;
				PRODUCT_BUNDLE_IDENTIFIER = comBerke.SpotifySwiftUI;
				PRODUCT_NAME = "$(TARGET_NAME)";
				SWIFT_EMIT_LOC_STRINGS = YES;
				SWIFT_VERSION = 5.0;
				TARGETED_DEVICE_FAMILY = "1,2";
			};
			name = Debug;
		};
		4F270453280E127600A25244 /* Release */ = {
			isa = XCBuildConfiguration;
			buildSettings = {
				ASSETCATALOG_COMPILER_APPICON_NAME = AppIcon;
				ASSETCATALOG_COMPILER_GLOBAL_ACCENT_COLOR_NAME = AccentColor;
				CODE_SIGN_STYLE = Automatic;
				CURRENT_PROJECT_VERSION = 1;
				DEVELOPMENT_ASSET_PATHS = "\"SpotifySwiftUI/Preview Content\"";
				DEVELOPMENT_TEAM = 2T73A6F77V;
				ENABLE_PREVIEWS = YES;
				GENERATE_INFOPLIST_FILE = YES;
				INFOPLIST_KEY_UIApplicationSceneManifest_Generation = YES;
				INFOPLIST_KEY_UIApplicationSupportsIndirectInputEvents = YES;
				INFOPLIST_KEY_UILaunchScreen_Generation = YES;
				INFOPLIST_KEY_UISupportedInterfaceOrientations_iPad = "UIInterfaceOrientationPortrait UIInterfaceOrientationPortraitUpsideDown UIInterfaceOrientationLandscapeLeft UIInterfaceOrientationLandscapeRight";
				INFOPLIST_KEY_UISupportedInterfaceOrientations_iPhone = "UIInterfaceOrientationPortrait UIInterfaceOrientationLandscapeLeft UIInterfaceOrientationLandscapeRight";
				LD_RUNPATH_SEARCH_PATHS = (
					"$(inherited)",
					"@executable_path/Frameworks",
				);
				MARKETING_VERSION = 1.0;
				PRODUCT_BUNDLE_IDENTIFIER = comBerke.SpotifySwiftUI;
				PRODUCT_NAME = "$(TARGET_NAME)";
				SWIFT_EMIT_LOC_STRINGS = YES;
				SWIFT_VERSION = 5.0;
				TARGETED_DEVICE_FAMILY = "1,2";
			};
			name = Release;
		};
		4F270455280E127600A25244 /* Debug */ = {
			isa = XCBuildConfiguration;
			buildSettings = {
				ALWAYS_EMBED_SWIFT_STANDARD_LIBRARIES = YES;
				BUNDLE_LOADER = "$(TEST_HOST)";
				CODE_SIGN_STYLE = Automatic;
				CURRENT_PROJECT_VERSION = 1;
				DEVELOPMENT_TEAM = 2T73A6F77V;
				GENERATE_INFOPLIST_FILE = YES;
				IPHONEOS_DEPLOYMENT_TARGET = 15.4;
				MARKETING_VERSION = 1.0;
				PRODUCT_BUNDLE_IDENTIFIER = comBerke.SpotifySwiftUITests;
				PRODUCT_NAME = "$(TARGET_NAME)";
				SWIFT_EMIT_LOC_STRINGS = NO;
				SWIFT_VERSION = 5.0;
				TARGETED_DEVICE_FAMILY = "1,2";
				TEST_HOST = "$(BUILT_PRODUCTS_DIR)/SpotifySwiftUI.app/SpotifySwiftUI";
			};
			name = Debug;
		};
		4F270456280E127600A25244 /* Release */ = {
			isa = XCBuildConfiguration;
			buildSettings = {
				ALWAYS_EMBED_SWIFT_STANDARD_LIBRARIES = YES;
				BUNDLE_LOADER = "$(TEST_HOST)";
				CODE_SIGN_STYLE = Automatic;
				CURRENT_PROJECT_VERSION = 1;
				DEVELOPMENT_TEAM = 2T73A6F77V;
				GENERATE_INFOPLIST_FILE = YES;
				IPHONEOS_DEPLOYMENT_TARGET = 15.4;
				MARKETING_VERSION = 1.0;
				PRODUCT_BUNDLE_IDENTIFIER = comBerke.SpotifySwiftUITests;
				PRODUCT_NAME = "$(TARGET_NAME)";
				SWIFT_EMIT_LOC_STRINGS = NO;
				SWIFT_VERSION = 5.0;
				TARGETED_DEVICE_FAMILY = "1,2";
				TEST_HOST = "$(BUILT_PRODUCTS_DIR)/SpotifySwiftUI.app/SpotifySwiftUI";
			};
			name = Release;
		};
		4F270458280E127600A25244 /* Debug */ = {
			isa = XCBuildConfiguration;
			buildSettings = {
				ALWAYS_EMBED_SWIFT_STANDARD_LIBRARIES = YES;
				CODE_SIGN_STYLE = Automatic;
				CURRENT_PROJECT_VERSION = 1;
				DEVELOPMENT_TEAM = 2T73A6F77V;
				GENERATE_INFOPLIST_FILE = YES;
				MARKETING_VERSION = 1.0;
				PRODUCT_BUNDLE_IDENTIFIER = comBerke.SpotifySwiftUIUITests;
				PRODUCT_NAME = "$(TARGET_NAME)";
				SWIFT_EMIT_LOC_STRINGS = NO;
				SWIFT_VERSION = 5.0;
				TARGETED_DEVICE_FAMILY = "1,2";
				TEST_TARGET_NAME = SpotifySwiftUI;
			};
			name = Debug;
		};
		4F270459280E127600A25244 /* Release */ = {
			isa = XCBuildConfiguration;
			buildSettings = {
				ALWAYS_EMBED_SWIFT_STANDARD_LIBRARIES = YES;
				CODE_SIGN_STYLE = Automatic;
				CURRENT_PROJECT_VERSION = 1;
				DEVELOPMENT_TEAM = 2T73A6F77V;
				GENERATE_INFOPLIST_FILE = YES;
				MARKETING_VERSION = 1.0;
				PRODUCT_BUNDLE_IDENTIFIER = comBerke.SpotifySwiftUIUITests;
				PRODUCT_NAME = "$(TARGET_NAME)";
				SWIFT_EMIT_LOC_STRINGS = NO;
				SWIFT_VERSION = 5.0;
				TARGETED_DEVICE_FAMILY = "1,2";
				TEST_TARGET_NAME = SpotifySwiftUI;
			};
			name = Release;
		};
/* End XCBuildConfiguration section */

/* Begin XCConfigurationList section */
		4F270428280E127300A25244 /* Build configuration list for PBXProject "SpotifySwiftUI" */ = {
			isa = XCConfigurationList;
			buildConfigurations = (
				4F27044F280E127600A25244 /* Debug */,
				4F270450280E127600A25244 /* Release */,
			);
			defaultConfigurationIsVisible = 0;
			defaultConfigurationName = Release;
		};
		4F270451280E127600A25244 /* Build configuration list for PBXNativeTarget "SpotifySwiftUI" */ = {
			isa = XCConfigurationList;
			buildConfigurations = (
				4F270452280E127600A25244 /* Debug */,
				4F270453280E127600A25244 /* Release */,
			);
			defaultConfigurationIsVisible = 0;
			defaultConfigurationName = Release;
		};
		4F270454280E127600A25244 /* Build configuration list for PBXNativeTarget "SpotifySwiftUITests" */ = {
			isa = XCConfigurationList;
			buildConfigurations = (
				4F270455280E127600A25244 /* Debug */,
				4F270456280E127600A25244 /* Release */,
			);
			defaultConfigurationIsVisible = 0;
			defaultConfigurationName = Release;
		};
		4F270457280E127600A25244 /* Build configuration list for PBXNativeTarget "SpotifySwiftUIUITests" */ = {
			isa = XCConfigurationList;
			buildConfigurations = (
				4F270458280E127600A25244 /* Debug */,
				4F270459280E127600A25244 /* Release */,
			);
			defaultConfigurationIsVisible = 0;
			defaultConfigurationName = Release;
		};
/* End XCConfigurationList section */
	};
	rootObject = 4F270425280E127300A25244 /* Project object */;
}
